// !$*UTF8*$!
{
	archiveVersion = 1;
	classes = {
	};
	objectVersion = 48;
	objects = {

/* Begin PBXBuildFile section */
		ADD888691F5B6C0A0081461C /* AppDelegate.swift in Sources */ = {isa = PBXBuildFile; fileRef = ADD888681F5B6C0A0081461C /* AppDelegate.swift */; };
		ADD8886B1F5B6C0A0081461C /* ViewController.swift in Sources */ = {isa = PBXBuildFile; fileRef = ADD8886A1F5B6C0A0081461C /* ViewController.swift */; };
		ADD8886E1F5B6C0A0081461C /* Main.storyboard in Resources */ = {isa = PBXBuildFile; fileRef = ADD8886C1F5B6C0A0081461C /* Main.storyboard */; };
		ADD888711F5B6C0A0081461C /* Undefined.xcdatamodeld in Sources */ = {isa = PBXBuildFile; fileRef = ADD8886F1F5B6C0A0081461C /* Undefined.xcdatamodeld */; };
		ADD888731F5B6C0A0081461C /* Assets.xcassets in Resources */ = {isa = PBXBuildFile; fileRef = ADD888721F5B6C0A0081461C /* Assets.xcassets */; };
		ADD888761F5B6C0A0081461C /* LaunchScreen.storyboard in Resources */ = {isa = PBXBuildFile; fileRef = ADD888741F5B6C0A0081461C /* LaunchScreen.storyboard */; };
/* End PBXBuildFile section */

/* Begin PBXFileReference section */
		ADD888651F5B6C0A0081461C /* Undefined.app */ = {isa = PBXFileReference; explicitFileType = wrapper.application; includeInIndex = 0; path = Undefined.app; sourceTree = BUILT_PRODUCTS_DIR; };
		ADD888681F5B6C0A0081461C /* AppDelegate.swift */ = {isa = PBXFileReference; lastKnownFileType = sourcecode.swift; path = AppDelegate.swift; sourceTree = "<group>"; };
		ADD8886A1F5B6C0A0081461C /* ViewController.swift */ = {isa = PBXFileReference; lastKnownFileType = sourcecode.swift; path = ViewController.swift; sourceTree = "<group>"; };
		ADD8886D1F5B6C0A0081461C /* Base */ = {isa = PBXFileReference; lastKnownFileType = file.storyboard; name = Base; path = Base.lproj/Main.storyboard; sourceTree = "<group>"; };
		ADD888701F5B6C0A0081461C /* Undefined.xcdatamodel */ = {isa = PBXFileReference; lastKnownFileType = wrapper.xcdatamodel; path = Undefined.xcdatamodel; sourceTree = "<group>"; };
		ADD888721F5B6C0A0081461C /* Assets.xcassets */ = {isa = PBXFileReference; lastKnownFileType = folder.assetcatalog; path = Assets.xcassets; sourceTree = "<group>"; };
		ADD888751F5B6C0A0081461C /* Base */ = {isa = PBXFileReference; lastKnownFileType = file.storyboard; name = Base; path = Base.lproj/LaunchScreen.storyboard; sourceTree = "<group>"; };
		ADD888771F5B6C0A0081461C /* Info.plist */ = {isa = PBXFileReference; lastKnownFileType = text.plist.xml; path = Info.plist; sourceTree = "<group>"; };
/* End PBXFileReference section */

/* Begin PBXFrameworksBuildPhase section */
		ADD888621F5B6C0A0081461C /* Frameworks */ = {
			isa = PBXFrameworksBuildPhase;
			buildActionMask = 2147483647;
			files = (
			);
			runOnlyForDeploymentPostprocessing = 0;
		};
/* End PBXFrameworksBuildPhase section */

/* Begin PBXGroup section */
		ADD8885C1F5B6C0A0081461C = {
			isa = PBXGroup;
			children = (
				ADD888671F5B6C0A0081461C /* Undefined */,
				ADD888661F5B6C0A0081461C /* Products */,
			);
			sourceTree = "<group>";
		};
		ADD888661F5B6C0A0081461C /* Products */ = {
			isa = PBXGroup;
			children = (
				ADD888651F5B6C0A0081461C /* Undefined.app */,
			);
			name = Products;
			sourceTree = "<group>";
		};
		ADD888671F5B6C0A0081461C /* Undefined */ = {
			isa = PBXGroup;
			children = (
				ADD888681F5B6C0A0081461C /* AppDelegate.swift */,
				ADD8886A1F5B6C0A0081461C /* ViewController.swift */,
				ADD8886C1F5B6C0A0081461C /* Main.storyboard */,
				ADD888721F5B6C0A0081461C /* Assets.xcassets */,
				ADD888741F5B6C0A0081461C /* LaunchScreen.storyboard */,
				ADD888771F5B6C0A0081461C /* Info.plist */,
				ADD8886F1F5B6C0A0081461C /* Undefined.xcdatamodeld */,
			);
			path = Undefined;
			sourceTree = "<group>";
		};
/* End PBXGroup section */

/* Begin PBXNativeTarget section */
		ADD888641F5B6C0A0081461C /* Undefined */ = {
			isa = PBXNativeTarget;
			buildConfigurationList = ADD8887A1F5B6C0A0081461C /* Build configuration list for PBXNativeTarget "Undefined" */;
			buildPhases = (
				ADD888611F5B6C0A0081461C /* Sources */,
				ADD888621F5B6C0A0081461C /* Frameworks */,
				ADD888631F5B6C0A0081461C /* Resources */,
			);
			buildRules = (
			);
			dependencies = (
			);
			name = Undefined;
			productName = Undefined;
			productReference = ADD888651F5B6C0A0081461C /* Undefined.app */;
			productType = "com.apple.product-type.application";
		};
/* End PBXNativeTarget section */

/* Begin PBXProject section */
		ADD8885D1F5B6C0A0081461C /* Project object */ = {
			isa = PBXProject;
			attributes = {
				LastSwiftUpdateCheck = 0900;
				LastUpgradeCheck = 0900;
				ORGANIZATIONNAME = "Rémy Seba";
				TargetAttributes = {
					ADD888641F5B6C0A0081461C = {
						CreatedOnToolsVersion = 9.0;
						ProvisioningStyle = Automatic;
					};
				};
			};
			buildConfigurationList = ADD888601F5B6C0A0081461C /* Build configuration list for PBXProject "Undefined" */;
			compatibilityVersion = "Xcode 8.0";
			developmentRegion = en;
			hasScannedForEncodings = 0;
			knownRegions = (
				en,
				Base,
			);
			mainGroup = ADD8885C1F5B6C0A0081461C;
			productRefGroup = ADD888661F5B6C0A0081461C /* Products */;
			projectDirPath = "";
			projectRoot = "";
			targets = (
				ADD888641F5B6C0A0081461C /* Undefined */,
			);
		};
/* End PBXProject section */

/* Begin PBXResourcesBuildPhase section */
		ADD888631F5B6C0A0081461C /* Resources */ = {
			isa = PBXResourcesBuildPhase;
			buildActionMask = 2147483647;
			files = (
				ADD888761F5B6C0A0081461C /* LaunchScreen.storyboard in Resources */,
				ADD888731F5B6C0A0081461C /* Assets.xcassets in Resources */,
				ADD8886E1F5B6C0A0081461C /* Main.storyboard in Resources */,
			);
			runOnlyForDeploymentPostprocessing = 0;
		};
/* End PBXResourcesBuildPhase section */

/* Begin PBXSourcesBuildPhase section */
		ADD888611F5B6C0A0081461C /* Sources */ = {
			isa = PBXSourcesBuildPhase;
			buildActionMask = 2147483647;
			files = (
				ADD8886B1F5B6C0A0081461C /* ViewController.swift in Sources */,
				ADD888711F5B6C0A0081461C /* Undefined.xcdatamodeld in Sources */,
				ADD888691F5B6C0A0081461C /* AppDelegate.swift in Sources */,
			);
			runOnlyForDeploymentPostprocessing = 0;
		};
/* End PBXSourcesBuildPhase section */

/* Begin PBXVariantGroup section */
		ADD8886C1F5B6C0A0081461C /* Main.storyboard */ = {
			isa = PBXVariantGroup;
			children = (
				ADD8886D1F5B6C0A0081461C /* Base */,
			);
			name = Main.storyboard;
			sourceTree = "<group>";
		};
		ADD888741F5B6C0A0081461C /* LaunchScreen.storyboard */ = {
			isa = PBXVariantGroup;
			children = (
				ADD888751F5B6C0A0081461C /* Base */,
			);
			name = LaunchScreen.storyboard;
			sourceTree = "<group>";
		};
/* End PBXVariantGroup section */

/* Begin XCBuildConfiguration section */
		ADD888781F5B6C0A0081461C /* Debug */ = {
			isa = XCBuildConfiguration;
			buildSettings = {
				ALWAYS_SEARCH_USER_PATHS = NO;
				CLANG_ANALYZER_NONNULL = YES;
				CLANG_ANALYZER_NUMBER_OBJECT_CONVERSION = YES_AGGRESSIVE;
				CLANG_CXX_LANGUAGE_STANDARD = "gnu++14";
				CLANG_CXX_LIBRARY = "libc++";
				CLANG_ENABLE_MODULES = YES;
				CLANG_ENABLE_OBJC_ARC = YES;
				CLANG_WARN_BLOCK_CAPTURE_AUTORELEASING = YES;
				CLANG_WARN_BOOL_CONVERSION = YES;
				CLANG_WARN_COMMA = YES;
				CLANG_WARN_CONSTANT_CONVERSION = YES;
				CLANG_WARN_DIRECT_OBJC_ISA_USAGE = YES_ERROR;
				CLANG_WARN_DOCUMENTATION_COMMENTS = YES;
				CLANG_WARN_EMPTY_BODY = YES;
				CLANG_WARN_ENUM_CONVERSION = YES;
				CLANG_WARN_INFINITE_RECURSION = YES;
				CLANG_WARN_INT_CONVERSION = YES;
				CLANG_WARN_NON_LITERAL_NULL_CONVERSION = YES;
				CLANG_WARN_OBJC_LITERAL_CONVERSION = YES;
				CLANG_WARN_OBJC_ROOT_CLASS = YES_ERROR;
				CLANG_WARN_RANGE_LOOP_ANALYSIS = YES;
				CLANG_WARN_STRICT_PROTOTYPES = YES;
				CLANG_WARN_SUSPICIOUS_MOVE = YES;
				CLANG_WARN_UNGUARDED_AVAILABILITY = YES_AGGRESSIVE;
				CLANG_WARN_UNREACHABLE_CODE = YES;
				CLANG_WARN__DUPLICATE_METHOD_MATCH = YES;
				CODE_SIGN_IDENTITY = "iPhone Developer";
				COPY_PHASE_STRIP = NO;
				DEBUG_INFORMATION_FORMAT = dwarf;
				ENABLE_STRICT_OBJC_MSGSEND = YES;
				ENABLE_TESTABILITY = YES;
				GCC_C_LANGUAGE_STANDARD = gnu11;
				GCC_DYNAMIC_NO_PIC = NO;
				GCC_NO_COMMON_BLOCKS = YES;
				GCC_OPTIMIZATION_LEVEL = 0;
				GCC_PREPROCESSOR_DEFINITIONS = (
					"DEBUG=1",
					"$(inherited)",
				);
				GCC_WARN_64_TO_32_BIT_CONVERSION = YES;
				GCC_WARN_ABOUT_RETURN_TYPE = YES_ERROR;
				GCC_WARN_UNDECLARED_SELECTOR = YES;
				GCC_WARN_UNINITIALIZED_AUTOS = YES_AGGRESSIVE;
				GCC_WARN_UNUSED_FUNCTION = YES;
				GCC_WARN_UNUSED_VARIABLE = YES;
				IPHONEOS_DEPLOYMENT_TARGET = 11.0;
				MTL_ENABLE_DEBUG_INFO = YES;
				ONLY_ACTIVE_ARCH = YES;
				SDKROOT = iphoneos;
				SWIFT_ACTIVE_COMPILATION_CONDITIONS = DEBUG;
				SWIFT_OPTIMIZATION_LEVEL = "-Onone";
			};
			name = Debug;
		};
		ADD888791F5B6C0A0081461C /* Release */ = {
			isa = XCBuildConfiguration;
			buildSettings = {
				ALWAYS_SEARCH_USER_PATHS = NO;
				CLANG_ANALYZER_NONNULL = YES;
				CLANG_ANALYZER_NUMBER_OBJECT_CONVERSION = YES_AGGRESSIVE;
				CLANG_CXX_LANGUAGE_STANDARD = "gnu++14";
				CLANG_CXX_LIBRARY = "libc++";
				CLANG_ENABLE_MODULES = YES;
				CLANG_ENABLE_OBJC_ARC = YES;
				CLANG_WARN_BLOCK_CAPTURE_AUTORELEASING = YES;
				CLANG_WARN_BOOL_CONVERSION = YES;
				CLANG_WARN_COMMA = YES;
				CLANG_WARN_CONSTANT_CONVERSION = YES;
				CLANG_WARN_DIRECT_OBJC_ISA_USAGE = YES_ERROR;
				CLANG_WARN_DOCUMENTATION_COMMENTS = YES;
				CLANG_WARN_EMPTY_BODY = YES;
				CLANG_WARN_ENUM_CONVERSION = YES;
				CLANG_WARN_INFINITE_RECURSION = YES;
				CLANG_WARN_INT_CONVERSION = YES;
				CLANG_WARN_NON_LITERAL_NULL_CONVERSION = YES;
				CLANG_WARN_OBJC_LITERAL_CONVERSION = YES;
				CLANG_WARN_OBJC_ROOT_CLASS = YES_ERROR;
				CLANG_WARN_RANGE_LOOP_ANALYSIS = YES;
				CLANG_WARN_STRICT_PROTOTYPES = YES;
				CLANG_WARN_SUSPICIOUS_MOVE = YES;
				CLANG_WARN_UNGUARDED_AVAILABILITY = YES_AGGRESSIVE;
				CLANG_WARN_UNREACHABLE_CODE = YES;
				CLANG_WARN__DUPLICATE_METHOD_MATCH = YES;
				CODE_SIGN_IDENTITY = "iPhone Developer";
				COPY_PHASE_STRIP = NO;
				DEBUG_INFORMATION_FORMAT = "dwarf-with-dsym";
				ENABLE_NS_ASSERTIONS = NO;
				ENABLE_STRICT_OBJC_MSGSEND = YES;
				GCC_C_LANGUAGE_STANDARD = gnu11;
				GCC_NO_COMMON_BLOCKS = YES;
				GCC_WARN_64_TO_32_BIT_CONVERSION = YES;
				GCC_WARN_ABOUT_RETURN_TYPE = YES_ERROR;
				GCC_WARN_UNDECLARED_SELECTOR = YES;
				GCC_WARN_UNINITIALIZED_AUTOS = YES_AGGRESSIVE;
				GCC_WARN_UNUSED_FUNCTION = YES;
				GCC_WARN_UNUSED_VARIABLE = YES;
				IPHONEOS_DEPLOYMENT_TARGET = 11.0;
				MTL_ENABLE_DEBUG_INFO = NO;
				SDKROOT = iphoneos;
				SWIFT_OPTIMIZATION_LEVEL = "-Owholemodule";
				VALIDATE_PRODUCT = YES;
			};
			name = Release;
		};
		ADD8887B1F5B6C0A0081461C /* Debug */ = {
			isa = XCBuildConfiguration;
			buildSettings = {
				ASSETCATALOG_COMPILER_APPICON_NAME = AppIcon;
				CODE_SIGN_STYLE = Automatic;
				DEVELOPMENT_TEAM = ZN3XUJT7B4;
				INFOPLIST_FILE = Undefined/Info.plist;
				LD_RUNPATH_SEARCH_PATHS = "$(inherited) @executable_path/Frameworks";
				PRODUCT_BUNDLE_IDENTIFIER = remyK.Undefined;
				PRODUCT_NAME = "$(TARGET_NAME)";
				SWIFT_VERSION = 4.0;
				TARGETED_DEVICE_FAMILY = "1,2";
			};
			name = Debug;
		};
		ADD8887C1F5B6C0A0081461C /* Release */ = {
			isa = XCBuildConfiguration;
			buildSettings = {
				ASSETCATALOG_COMPILER_APPICON_NAME = AppIcon;
				CODE_SIGN_STYLE = Automatic;
				DEVELOPMENT_TEAM = ZN3XUJT7B4;
				INFOPLIST_FILE = Undefined/Info.plist;
				LD_RUNPATH_SEARCH_PATHS = "$(inherited) @executable_path/Frameworks";
				PRODUCT_BUNDLE_IDENTIFIER = remyK.Undefined;
				PRODUCT_NAME = "$(TARGET_NAME)";
				SWIFT_VERSION = 4.0;
				TARGETED_DEVICE_FAMILY = "1,2";
			};
			name = Release;
		};
/* End XCBuildConfiguration section */

/* Begin XCConfigurationList section */
		ADD888601F5B6C0A0081461C /* Build configuration list for PBXProject "Undefined" */ = {
			isa = XCConfigurationList;
			buildConfigurations = (
				ADD888781F5B6C0A0081461C /* Debug */,
				ADD888791F5B6C0A0081461C /* Release */,
			);
			defaultConfigurationIsVisible = 0;
			defaultConfigurationName = Release;
		};
		ADD8887A1F5B6C0A0081461C /* Build configuration list for PBXNativeTarget "Undefined" */ = {
			isa = XCConfigurationList;
			buildConfigurations = (
				ADD8887B1F5B6C0A0081461C /* Debug */,
				ADD8887C1F5B6C0A0081461C /* Release */,
			);
			defaultConfigurationIsVisible = 0;
			defaultConfigurationName = Release;
		};
/* End XCConfigurationList section */

/* Begin XCVersionGroup section */
		ADD8886F1F5B6C0A0081461C /* Undefined.xcdatamodeld */ = {
			isa = XCVersionGroup;
			children = (
				ADD888701F5B6C0A0081461C /* Undefined.xcdatamodel */,
			);
			currentVersion = ADD888701F5B6C0A0081461C /* Undefined.xcdatamodel */;
			path = Undefined.xcdatamodeld;
			sourceTree = "<group>";
			versionGroupType = wrapper.xcdatamodel;
		};
/* End XCVersionGroup section */
	};
	rootObject = ADD8885D1F5B6C0A0081461C /* Project object */;
}
